
Microsoft Visual Studio Solution File, Format Version 12.00
# Visual Studio Version 17
VisualStudioVersion = 17.9.34728.123
MinimumVisualStudioVersion = 10.0.40219.1
Project("{8BC9CEB8-8B4A-11D0-8D11-00A0C91BC942}") = "Painter", "Painter.vcxproj", "{984410CA-AAB4-4BC3-BBFD-4ACDFDD44B8D}"
EndProject
Global
	GlobalSection(SolutionConfigurationPlatforms) = preSolution
		Debug|x64 = Debug|x64
		Debug|x86 = Debug|x86
		Release|x64 = Release|x64
		Release|x86 = Release|x86
	EndGlobalSection
	GlobalSection(ProjectConfigurationPlatforms) = postSolution
		{984410CA-AAB4-4BC3-BBFD-4ACDFDD44B8D}.Debug|x64.ActiveCfg = Debug|x64
		{984410CA-AAB4-4BC3-BBFD-4ACDFDD44B8D}.Debug|x64.Build.0 = Debug|x64
		{984410CA-AAB4-4BC3-BBFD-4ACDFDD44B8D}.Debug|x86.ActiveCfg = Debug|Win32
		{984410CA-AAB4-4BC3-BBFD-4ACDFDD44B8D}.Debug|x86.Build.0 = Debug|Win32
		{984410CA-AAB4-4BC3-BBFD-4ACDFDD44B8D}.Release|x64.ActiveCfg = Release|x64
		{984410CA-AAB4-4BC3-BBFD-4ACDFDD44B8D}.Release|x64.Build.0 = Release|x64
		{984410CA-AAB4-4BC3-BBFD-4ACDFDD44B8D}.Release|x86.ActiveCfg = Release|Win32
		{984410CA-AAB4-4BC3-BBFD-4ACDFDD44B8D}.Release|x86.Build.0 = Release|Win32
	EndGlobalSection
	GlobalSection(SolutionProperties) = preSolution
		HideSolutionNode = FALSE
	EndGlobalSection
	GlobalSection(ExtensibilityGlobals) = postSolution
		SolutionGuid = {1B16D817-D1EF-4310-B1BE-F65AC8100C7B}
	EndGlobalSection
EndGlobal
